
Microsoft Visual Studio Solution File, Format Version 12.00
# Visual Studio Version 16
VisualStudioVersion = 16.0.30320.27
MinimumVisualStudioVersion = 10.0.40219.1
Project("{FAE04EC0-301F-11D3-BF4B-00C04F79EFBC}") = "MVCDemo", "MVCDemo.csproj", "{41562EB3-FFDA-40AE-BCC5-FA05DD8EE8D8}"
EndProject
Global
	GlobalSection(SolutionConfigurationPlatforms) = preSolution
		Debug|Any CPU = Debug|Any CPU
		Release|Any CPU = Release|Any CPU
	EndGlobalSection
	GlobalSection(ProjectConfigurationPlatforms) = postSolution
		{41562EB3-FFDA-40AE-BCC5-FA05DD8EE8D8}.Debug|Any CPU.ActiveCfg = Debug|Any CPU
		{41562EB3-FFDA-40AE-BCC5-FA05DD8EE8D8}.Debug|Any CPU.Build.0 = Debug|Any CPU
		{41562EB3-FFDA-40AE-BCC5-FA05DD8EE8D8}.Release|Any CPU.ActiveCfg = Release|Any CPU
		{41562EB3-FFDA-40AE-BCC5-FA05DD8EE8D8}.Release|Any CPU.Build.0 = Release|Any CPU
	EndGlobalSection
	GlobalSection(SolutionProperties) = preSolution
		HideSolutionNode = FALSE
	EndGlobalSection
	GlobalSection(ExtensibilityGlobals) = postSolution
		SolutionGuid = {CC07EE5D-E611-4575-9109-23530CF973AD}
	EndGlobalSection
EndGlobal
